
Microsoft Visual Studio Solution File, Format Version 12.00
# Visual Studio Version 17
VisualStudioVersion = 17.5.002.0
MinimumVisualStudioVersion = 10.0.40219.1
Project("{9A19103F-16F7-4668-BE54-9A1E7A4F7556}") = "valid-parentheses", "valid-parentheses.csproj", "{8F679BFB-3B11-4DB4-9C2D-9D6B38A926F8}"
EndProject
Global
	GlobalSection(SolutionConfigurationPlatforms) = preSolution
		Debug|Any CPU = Debug|Any CPU
		Release|Any CPU = Release|Any CPU
	EndGlobalSection
	GlobalSection(ProjectConfigurationPlatforms) = postSolution
		{8F679BFB-3B11-4DB4-9C2D-9D6B38A926F8}.Debug|Any CPU.ActiveCfg = Debug|Any CPU
		{8F679BFB-3B11-4DB4-9C2D-9D6B38A926F8}.Debug|Any CPU.Build.0 = Debug|Any CPU
		{8F679BFB-3B11-4DB4-9C2D-9D6B38A926F8}.Release|Any CPU.ActiveCfg = Release|Any CPU
		{8F679BFB-3B11-4DB4-9C2D-9D6B38A926F8}.Release|Any CPU.Build.0 = Release|Any CPU
	EndGlobalSection
	GlobalSection(SolutionProperties) = preSolution
		HideSolutionNode = FALSE
	EndGlobalSection
	GlobalSection(ExtensibilityGlobals) = postSolution
		SolutionGuid = {7FDAC60C-4A65-4EDF-B5FE-A643DC6A278E}
	EndGlobalSection
EndGlobal
